
Microsoft Visual Studio Solution File, Format Version 12.00
# Visual Studio Version 17
VisualStudioVersion = 17.8.34330.188
MinimumVisualStudioVersion = 10.0.40219.1
Project("{FAE04EC0-301F-11D3-BF4B-00C04F79EFBC}") = "CICD.Api.1", "CICD.Api.1\CICD.Api.1.csproj", "{74D6441E-3C43-4824-B626-7A821245CA57}"
EndProject
Global
	GlobalSection(SolutionConfigurationPlatforms) = preSolution
		Debug|Any CPU = Debug|Any CPU
		Release|Any CPU = Release|Any CPU
	EndGlobalSection
	GlobalSection(ProjectConfigurationPlatforms) = postSolution
		{74D6441E-3C43-4824-B626-7A821245CA57}.Debug|Any CPU.ActiveCfg = Debug|Any CPU
		{74D6441E-3C43-4824-B626-7A821245CA57}.Debug|Any CPU.Build.0 = Debug|Any CPU
		{74D6441E-3C43-4824-B626-7A821245CA57}.Release|Any CPU.ActiveCfg = Release|Any CPU
		{74D6441E-3C43-4824-B626-7A821245CA57}.Release|Any CPU.Build.0 = Release|Any CPU
	EndGlobalSection
	GlobalSection(SolutionProperties) = preSolution
		HideSolutionNode = FALSE
	EndGlobalSection
	GlobalSection(ExtensibilityGlobals) = postSolution
		SolutionGuid = {9BF178DC-BFEA-496E-BC44-1E0AEA77F807}
	EndGlobalSection
EndGlobal
